{
  "name": "zed-themes-personal",
  "version": "1.0.0",
  "lockfileVersion": 3,
  "requires": true,
  "packages": {
    "": {
      "name": "zed-themes-personal",
      "version": "1.0.0",
      "license": "ISC",
      "dependencies": {
        "migrazed": "^1.0.0"
      },
      "devDependencies": {
        "prettier": "^3.8.1"
      }
    },
    "node_modules/migrazed": {
      "version": "1.0.0",
      "resolved": "https://registry.npmjs.org/migrazed/-/migrazed-1.0.0.tgz",
      "integrity": "sha512-mOy6AOiD+epyofmqP8NbQXA7BvV4xX428KRn0C96xH9m2sia9XoKlP4iVe9rY2qU7S/ODuMliD7gDW4YBFP5Bw==",
      "license": "MIT",
      "bin": {
        "migrazed": "bin/migrazed"
      },
      "engines": {
        "bun": ">=1.0.0",
        "node": ">=18.0.0"
      }
    },
    "node_modules/prettier": {
      "version": "3.8.1",
      "resolved": "https://registry.npmjs.org/prettier/-/prettier-3.8.1.tgz",
      "integrity": "sha512-UOnG6LftzbdaHZcKoPFtOcCKztrQ57WkHDeRD9t/PTQtmT0NHSeWWepj6pS0z/N7+08BHFDQVUrfmfMRcZwbMg==",
      "dev": true,
      "license": "MIT",
      "bin": {
        "prettier": "bin/prettier.cjs"
      },
      "engines": {
        "node": ">=14"
      },
      "funding": {
        "url": "https://github.com/prettier/prettier?sponsor=1"
      }
    }
  }
}
